
Microsoft Visual Studio Solution File, Format Version 12.00
# Visual Studio Version 16
VisualStudioVersion = 16.0.29424.173
MinimumVisualStudioVersion = 10.0.40219.1
Project("{9A19103F-16F7-4668-BE54-9A1E7A4F7556}") = "Buma.UI", "Buma.UI\Buma.UI.csproj", "{B89D8460-D0EA-4796-A2B7-CBE3304F3D28}"
EndProject
Project("{9A19103F-16F7-4668-BE54-9A1E7A4F7556}") = "Buma.Application", "Buma.Application\Buma.Application.csproj", "{EB87612D-34A3-4AE2-A7FA-4A7675B35DE8}"
EndProject
Project("{9A19103F-16F7-4668-BE54-9A1E7A4F7556}") = "Buma.Domain", "Buma.Domain\Buma.Domain.csproj", "{19FA9F4E-0600-4A7E-9BAD-E1CEA707B138}"
EndProject
Project("{9A19103F-16F7-4668-BE54-9A1E7A4F7556}") = "Buma.Data", "Buma.Data\Buma.Data.csproj", "{AFD368CF-E7C4-48E3-8531-2642628C57EF}"
EndProject
Global
	GlobalSection(SolutionConfigurationPlatforms) = preSolution
		Debug|Any CPU = Debug|Any CPU
		Release|Any CPU = Release|Any CPU
	EndGlobalSection
	GlobalSection(ProjectConfigurationPlatforms) = postSolution
		{B89D8460-D0EA-4796-A2B7-CBE3304F3D28}.Debug|Any CPU.ActiveCfg = Debug|Any CPU
		{B89D8460-D0EA-4796-A2B7-CBE3304F3D28}.Debug|Any CPU.Build.0 = Debug|Any CPU
		{B89D8460-D0EA-4796-A2B7-CBE3304F3D28}.Release|Any CPU.ActiveCfg = Release|Any CPU
		{B89D8460-D0EA-4796-A2B7-CBE3304F3D28}.Release|Any CPU.Build.0 = Release|Any CPU
		{EB87612D-34A3-4AE2-A7FA-4A7675B35DE8}.Debug|Any CPU.ActiveCfg = Debug|Any CPU
		{EB87612D-34A3-4AE2-A7FA-4A7675B35DE8}.Debug|Any CPU.Build.0 = Debug|Any CPU
		{EB87612D-34A3-4AE2-A7FA-4A7675B35DE8}.Release|Any CPU.ActiveCfg = Release|Any CPU
		{EB87612D-34A3-4AE2-A7FA-4A7675B35DE8}.Release|Any CPU.Build.0 = Release|Any CPU
		{19FA9F4E-0600-4A7E-9BAD-E1CEA707B138}.Debug|Any CPU.ActiveCfg = Debug|Any CPU
		{19FA9F4E-0600-4A7E-9BAD-E1CEA707B138}.Debug|Any CPU.Build.0 = Debug|Any CPU
		{19FA9F4E-0600-4A7E-9BAD-E1CEA707B138}.Release|Any CPU.ActiveCfg = Release|Any CPU
		{19FA9F4E-0600-4A7E-9BAD-E1CEA707B138}.Release|Any CPU.Build.0 = Release|Any CPU
		{AFD368CF-E7C4-48E3-8531-2642628C57EF}.Debug|Any CPU.ActiveCfg = Debug|Any CPU
		{AFD368CF-E7C4-48E3-8531-2642628C57EF}.Debug|Any CPU.Build.0 = Debug|Any CPU
		{AFD368CF-E7C4-48E3-8531-2642628C57EF}.Release|Any CPU.ActiveCfg = Release|Any CPU
		{AFD368CF-E7C4-48E3-8531-2642628C57EF}.Release|Any CPU.Build.0 = Release|Any CPU
	EndGlobalSection
	GlobalSection(SolutionProperties) = preSolution
		HideSolutionNode = FALSE
	EndGlobalSection
	GlobalSection(ExtensibilityGlobals) = postSolution
		SolutionGuid = {403E942A-4EF3-4AEA-9394-AA1E9A9A9231}
	EndGlobalSection
EndGlobal
